// !$*UTF8*$!
{
	archiveVersion = 1;
	classes = {
	};
	objectVersion = 56;
	objects = {

/* Begin PBXBuildFile section */
		66E73C722B58CCCD00D306C0 /* CheckMarkCustom.swift in Sources */ = {isa = PBXBuildFile; fileRef = 66E73C712B58CCCD00D306C0 /* CheckMarkCustom.swift */; };
		BF801EDF2B5A1B710046DF6E /* User.swift in Sources */ = {isa = PBXBuildFile; fileRef = BF801EDE2B5A1B710046DF6E /* User.swift */; };
		BF801EE22B5A1E1F0046DF6E /* DataBase.swift in Sources */ = {isa = PBXBuildFile; fileRef = BF801EE12B5A1E1F0046DF6E /* DataBase.swift */; };
		F1CF537C2B58BE50009FC605 /* TextFieldCustom.swift in Sources */ = {isa = PBXBuildFile; fileRef = F1CF537B2B58BE50009FC605 /* TextFieldCustom.swift */; };
		F819F24B2B4E32E50042E4F8 /* AppDelegate.swift in Sources */ = {isa = PBXBuildFile; fileRef = F819F24A2B4E32E50042E4F8 /* AppDelegate.swift */; };
		F819F24D2B4E32E50042E4F8 /* SceneDelegate.swift in Sources */ = {isa = PBXBuildFile; fileRef = F819F24C2B4E32E50042E4F8 /* SceneDelegate.swift */; };
		F819F24F2B4E32E50042E4F8 /* ViewController.swift in Sources */ = {isa = PBXBuildFile; fileRef = F819F24E2B4E32E50042E4F8 /* ViewController.swift */; };
		F819F2522B4E32E50042E4F8 /* Main.storyboard in Resources */ = {isa = PBXBuildFile; fileRef = F819F2502B4E32E50042E4F8 /* Main.storyboard */; };
		F819F2542B4E32E90042E4F8 /* Assets.xcassets in Resources */ = {isa = PBXBuildFile; fileRef = F819F2532B4E32E90042E4F8 /* Assets.xcassets */; };
		F819F2572B4E32E90042E4F8 /* LaunchScreen.storyboard in Resources */ = {isa = PBXBuildFile; fileRef = F819F2552B4E32E90042E4F8 /* LaunchScreen.storyboard */; };
		F819F2602B4E33230042E4F8 /* SplashViewController.swift in Sources */ = {isa = PBXBuildFile; fileRef = F819F25F2B4E33230042E4F8 /* SplashViewController.swift */; };
		F819F2622B4E33370042E4F8 /* SplashViewModel.swift in Sources */ = {isa = PBXBuildFile; fileRef = F819F2612B4E33370042E4F8 /* SplashViewModel.swift */; };
		F819F2642B4E33480042E4F8 /* SplashCoordinator.swift in Sources */ = {isa = PBXBuildFile; fileRef = F819F2632B4E33480042E4F8 /* SplashCoordinator.swift */; };
		F819F2672B4E336F0042E4F8 /* LoginViewModel.swift in Sources */ = {isa = PBXBuildFile; fileRef = F819F2662B4E336F0042E4F8 /* LoginViewModel.swift */; };
		F819F2692B4E337E0042E4F8 /* LoginViewController.swift in Sources */ = {isa = PBXBuildFile; fileRef = F819F2682B4E337E0042E4F8 /* LoginViewController.swift */; };
		F819F26B2B4E33900042E4F8 /* LoginCoordinator.swift in Sources */ = {isa = PBXBuildFile; fileRef = F819F26A2B4E33900042E4F8 /* LoginCoordinator.swift */; };
		F819F26D2B4E33B50042E4F8 /* Utils.swift in Sources */ = {isa = PBXBuildFile; fileRef = F819F26C2B4E33B50042E4F8 /* Utils.swift */; };
		F819F26F2B4E33C70042E4F8 /* AppCoordinator.swift in Sources */ = {isa = PBXBuildFile; fileRef = F819F26E2B4E33C70042E4F8 /* AppCoordinator.swift */; };
		F819F2722B4E37710042E4F8 /* HomeViewController.swift in Sources */ = {isa = PBXBuildFile; fileRef = F819F2712B4E37710042E4F8 /* HomeViewController.swift */; };
		F819F2742B4E37820042E4F8 /* HomeViewModel.swift in Sources */ = {isa = PBXBuildFile; fileRef = F819F2732B4E37820042E4F8 /* HomeViewModel.swift */; };
		F819F2762B4E37910042E4F8 /* HomeCoordinator.swift in Sources */ = {isa = PBXBuildFile; fileRef = F819F2752B4E37910042E4F8 /* HomeCoordinator.swift */; };
		F8D16CB02B576CA1008359AA /* RegisterViewController.swift in Sources */ = {isa = PBXBuildFile; fileRef = F8D16CAF2B576CA1008359AA /* RegisterViewController.swift */; };
		F8D16CB22B576CB3008359AA /* RegisterViewModel.swift in Sources */ = {isa = PBXBuildFile; fileRef = F8D16CB12B576CB3008359AA /* RegisterViewModel.swift */; };
		F8D16CB42B576CC7008359AA /* RegisterCoordinator.swift in Sources */ = {isa = PBXBuildFile; fileRef = F8D16CB32B576CC7008359AA /* RegisterCoordinator.swift */; };
/* End PBXBuildFile section */

/* Begin PBXFileReference section */
		66E73C712B58CCCD00D306C0 /* CheckMarkCustom.swift */ = {isa = PBXFileReference; lastKnownFileType = sourcecode.swift; path = CheckMarkCustom.swift; sourceTree = "<group>"; };
		BF801EDE2B5A1B710046DF6E /* User.swift */ = {isa = PBXFileReference; lastKnownFileType = sourcecode.swift; path = User.swift; sourceTree = "<group>"; };
		BF801EE12B5A1E1F0046DF6E /* DataBase.swift */ = {isa = PBXFileReference; lastKnownFileType = sourcecode.swift; path = DataBase.swift; sourceTree = "<group>"; };
		F1CF537B2B58BE50009FC605 /* TextFieldCustom.swift */ = {isa = PBXFileReference; lastKnownFileType = sourcecode.swift; path = TextFieldCustom.swift; sourceTree = "<group>"; };
		F819F2472B4E32E50042E4F8 /* basesDeDatos1.app */ = {isa = PBXFileReference; explicitFileType = wrapper.application; includeInIndex = 0; path = basesDeDatos1.app; sourceTree = BUILT_PRODUCTS_DIR; };
		F819F24A2B4E32E50042E4F8 /* AppDelegate.swift */ = {isa = PBXFileReference; lastKnownFileType = sourcecode.swift; path = AppDelegate.swift; sourceTree = "<group>"; };
		F819F24C2B4E32E50042E4F8 /* SceneDelegate.swift */ = {isa = PBXFileReference; lastKnownFileType = sourcecode.swift; path = SceneDelegate.swift; sourceTree = "<group>"; };
		F819F24E2B4E32E50042E4F8 /* ViewController.swift */ = {isa = PBXFileReference; lastKnownFileType = sourcecode.swift; path = ViewController.swift; sourceTree = "<group>"; };
		F819F2512B4E32E50042E4F8 /* Base */ = {isa = PBXFileReference; lastKnownFileType = file.storyboard; name = Base; path = Base.lproj/Main.storyboard; sourceTree = "<group>"; };
		F819F2532B4E32E90042E4F8 /* Assets.xcassets */ = {isa = PBXFileReference; lastKnownFileType = folder.assetcatalog; path = Assets.xcassets; sourceTree = "<group>"; };
		F819F2562B4E32E90042E4F8 /* Base */ = {isa = PBXFileReference; lastKnownFileType = file.storyboard; name = Base; path = Base.lproj/LaunchScreen.storyboard; sourceTree = "<group>"; };
		F819F2582B4E32E90042E4F8 /* Info.plist */ = {isa = PBXFileReference; lastKnownFileType = text.plist.xml; path = Info.plist; sourceTree = "<group>"; };
		F819F25F2B4E33230042E4F8 /* SplashViewController.swift */ = {isa = PBXFileReference; lastKnownFileType = sourcecode.swift; path = SplashViewController.swift; sourceTree = "<group>"; };
		F819F2612B4E33370042E4F8 /* SplashViewModel.swift */ = {isa = PBXFileReference; lastKnownFileType = sourcecode.swift; path = SplashViewModel.swift; sourceTree = "<group>"; };
		F819F2632B4E33480042E4F8 /* SplashCoordinator.swift */ = {isa = PBXFileReference; lastKnownFileType = sourcecode.swift; path = SplashCoordinator.swift; sourceTree = "<group>"; };
		F819F2662B4E336F0042E4F8 /* LoginViewModel.swift */ = {isa = PBXFileReference; lastKnownFileType = sourcecode.swift; path = LoginViewModel.swift; sourceTree = "<group>"; };
		F819F2682B4E337E0042E4F8 /* LoginViewController.swift */ = {isa = PBXFileReference; lastKnownFileType = sourcecode.swift; path = LoginViewController.swift; sourceTree = "<group>"; };
		F819F26A2B4E33900042E4F8 /* LoginCoordinator.swift */ = {isa = PBXFileReference; lastKnownFileType = sourcecode.swift; path = LoginCoordinator.swift; sourceTree = "<group>"; };
		F819F26C2B4E33B50042E4F8 /* Utils.swift */ = {isa = PBXFileReference; lastKnownFileType = sourcecode.swift; path = Utils.swift; sourceTree = "<group>"; };
		F819F26E2B4E33C70042E4F8 /* AppCoordinator.swift */ = {isa = PBXFileReference; lastKnownFileType = sourcecode.swift; path = AppCoordinator.swift; sourceTree = "<group>"; };
		F819F2712B4E37710042E4F8 /* HomeViewController.swift */ = {isa = PBXFileReference; lastKnownFileType = sourcecode.swift; path = HomeViewController.swift; sourceTree = "<group>"; };
		F819F2732B4E37820042E4F8 /* HomeViewModel.swift */ = {isa = PBXFileReference; lastKnownFileType = sourcecode.swift; path = HomeViewModel.swift; sourceTree = "<group>"; };
		F819F2752B4E37910042E4F8 /* HomeCoordinator.swift */ = {isa = PBXFileReference; lastKnownFileType = sourcecode.swift; path = HomeCoordinator.swift; sourceTree = "<group>"; };
		F8D16CAF2B576CA1008359AA /* RegisterViewController.swift */ = {isa = PBXFileReference; lastKnownFileType = sourcecode.swift; path = RegisterViewController.swift; sourceTree = "<group>"; };
		F8D16CB12B576CB3008359AA /* RegisterViewModel.swift */ = {isa = PBXFileReference; lastKnownFileType = sourcecode.swift; path = RegisterViewModel.swift; sourceTree = "<group>"; };
		F8D16CB32B576CC7008359AA /* RegisterCoordinator.swift */ = {isa = PBXFileReference; lastKnownFileType = sourcecode.swift; path = RegisterCoordinator.swift; sourceTree = "<group>"; };
/* End PBXFileReference section */

/* Begin PBXFrameworksBuildPhase section */
		F819F2442B4E32E50042E4F8 /* Frameworks */ = {
			isa = PBXFrameworksBuildPhase;
			buildActionMask = 2147483647;
			files = (
			);
			runOnlyForDeploymentPostprocessing = 0;
		};
/* End PBXFrameworksBuildPhase section */

/* Begin PBXGroup section */
		66E73C702B58CC8700D306C0 /* CheckMarkCustom */ = {
			isa = PBXGroup;
			children = (
				66E73C712B58CCCD00D306C0 /* CheckMarkCustom.swift */,
			);
			path = CheckMarkCustom;
			sourceTree = "<group>";
		};
		BF801EDD2B5A1B5A0046DF6E /* Models */ = {
			isa = PBXGroup;
			children = (
				BF801EDE2B5A1B710046DF6E /* User.swift */,
			);
			path = Models;
			sourceTree = "<group>";
		};
		BF801EE02B5A1E110046DF6E /* DataBase */ = {
			isa = PBXGroup;
			children = (
				BF801EE12B5A1E1F0046DF6E /* DataBase.swift */,
			);
			path = DataBase;
			sourceTree = "<group>";
		};
		F1CF537A2B58BE11009FC605 /* TextFieldCustom */ = {
			isa = PBXGroup;
			children = (
				F1CF537B2B58BE50009FC605 /* TextFieldCustom.swift */,
			);
			path = TextFieldCustom;
			sourceTree = "<group>";
		};
		F819F23E2B4E32E50042E4F8 = {
			isa = PBXGroup;
			children = (
				F819F2492B4E32E50042E4F8 /* basesDeDatos1 */,
				F819F2482B4E32E50042E4F8 /* Products */,
			);
			sourceTree = "<group>";
		};
		F819F2482B4E32E50042E4F8 /* Products */ = {
			isa = PBXGroup;
			children = (
				F819F2472B4E32E50042E4F8 /* basesDeDatos1.app */,
			);
			name = Products;
			sourceTree = "<group>";
		};
		F819F2492B4E32E50042E4F8 /* basesDeDatos1 */ = {
			isa = PBXGroup;
			children = (
				BF801EE02B5A1E110046DF6E /* DataBase */,
				BF801EDD2B5A1B5A0046DF6E /* Models */,
				66E73C702B58CC8700D306C0 /* CheckMarkCustom */,
				F1CF537A2B58BE11009FC605 /* TextFieldCustom */,
				F8D16CAE2B576C7E008359AA /* Register */,
				F819F2702B4E372E0042E4F8 /* Home */,
				F819F26E2B4E33C70042E4F8 /* AppCoordinator.swift */,
				F819F26C2B4E33B50042E4F8 /* Utils.swift */,
				F819F2652B4E334E0042E4F8 /* Login */,
				F819F25E2B4E33030042E4F8 /* Splash */,
				F819F24A2B4E32E50042E4F8 /* AppDelegate.swift */,
				F819F24C2B4E32E50042E4F8 /* SceneDelegate.swift */,
				F819F24E2B4E32E50042E4F8 /* ViewController.swift */,
				F819F2502B4E32E50042E4F8 /* Main.storyboard */,
				F819F2532B4E32E90042E4F8 /* Assets.xcassets */,
				F819F2552B4E32E90042E4F8 /* LaunchScreen.storyboard */,
				F819F2582B4E32E90042E4F8 /* Info.plist */,
			);
			path = basesDeDatos1;
			sourceTree = "<group>";
		};
		F819F25E2B4E33030042E4F8 /* Splash */ = {
			isa = PBXGroup;
			children = (
				F819F25F2B4E33230042E4F8 /* SplashViewController.swift */,
				F819F2612B4E33370042E4F8 /* SplashViewModel.swift */,
				F819F2632B4E33480042E4F8 /* SplashCoordinator.swift */,
			);
			path = Splash;
			sourceTree = "<group>";
		};
		F819F2652B4E334E0042E4F8 /* Login */ = {
			isa = PBXGroup;
			children = (
				F819F2682B4E337E0042E4F8 /* LoginViewController.swift */,
				F819F2662B4E336F0042E4F8 /* LoginViewModel.swift */,
				F819F26A2B4E33900042E4F8 /* LoginCoordinator.swift */,
			);
			path = Login;
			sourceTree = "<group>";
		};
		F819F2702B4E372E0042E4F8 /* Home */ = {
			isa = PBXGroup;
			children = (
				F819F2712B4E37710042E4F8 /* HomeViewController.swift */,
				F819F2732B4E37820042E4F8 /* HomeViewModel.swift */,
				F819F2752B4E37910042E4F8 /* HomeCoordinator.swift */,
			);
			path = Home;
			sourceTree = "<group>";
		};
		F8D16CAE2B576C7E008359AA /* Register */ = {
			isa = PBXGroup;
			children = (
				F8D16CAF2B576CA1008359AA /* RegisterViewController.swift */,
				F8D16CB12B576CB3008359AA /* RegisterViewModel.swift */,
				F8D16CB32B576CC7008359AA /* RegisterCoordinator.swift */,
			);
			path = Register;
			sourceTree = "<group>";
		};
/* End PBXGroup section */

/* Begin PBXNativeTarget section */
		F819F2462B4E32E50042E4F8 /* basesDeDatos1 */ = {
			isa = PBXNativeTarget;
			buildConfigurationList = F819F25B2B4E32E90042E4F8 /* Build configuration list for PBXNativeTarget "basesDeDatos1" */;
			buildPhases = (
				F819F2432B4E32E50042E4F8 /* Sources */,
				F819F2442B4E32E50042E4F8 /* Frameworks */,
				F819F2452B4E32E50042E4F8 /* Resources */,
			);
			buildRules = (
			);
			dependencies = (
			);
			name = basesDeDatos1;
			productName = basesDeDatos1;
			productReference = F819F2472B4E32E50042E4F8 /* basesDeDatos1.app */;
			productType = "com.apple.product-type.application";
		};
/* End PBXNativeTarget section */

/* Begin PBXProject section */
		F819F23F2B4E32E50042E4F8 /* Project object */ = {
			isa = PBXProject;
			attributes = {
				BuildIndependentTargetsInParallel = 1;
				LastSwiftUpdateCheck = 1510;
				LastUpgradeCheck = 1510;
				TargetAttributes = {
					F819F2462B4E32E50042E4F8 = {
						CreatedOnToolsVersion = 15.1;
					};
				};
			};
			buildConfigurationList = F819F2422B4E32E50042E4F8 /* Build configuration list for PBXProject "basesDeDatos1" */;
			compatibilityVersion = "Xcode 14.0";
			developmentRegion = en;
			hasScannedForEncodings = 0;
			knownRegions = (
				en,
				Base,
			);
			mainGroup = F819F23E2B4E32E50042E4F8;
			productRefGroup = F819F2482B4E32E50042E4F8 /* Products */;
			projectDirPath = "";
			projectRoot = "";
			targets = (
				F819F2462B4E32E50042E4F8 /* basesDeDatos1 */,
			);
		};
/* End PBXProject section */

/* Begin PBXResourcesBuildPhase section */
		F819F2452B4E32E50042E4F8 /* Resources */ = {
			isa = PBXResourcesBuildPhase;
			buildActionMask = 2147483647;
			files = (
				F819F2572B4E32E90042E4F8 /* LaunchScreen.storyboard in Resources */,
				F819F2542B4E32E90042E4F8 /* Assets.xcassets in Resources */,
				F819F2522B4E32E50042E4F8 /* Main.storyboard in Resources */,
			);
			runOnlyForDeploymentPostprocessing = 0;
		};
/* End PBXResourcesBuildPhase section */

/* Begin PBXSourcesBuildPhase section */
		F819F2432B4E32E50042E4F8 /* Sources */ = {
			isa = PBXSourcesBuildPhase;
			buildActionMask = 2147483647;
			files = (
				F819F26F2B4E33C70042E4F8 /* AppCoordinator.swift in Sources */,
				F819F2622B4E33370042E4F8 /* SplashViewModel.swift in Sources */,
				F819F24F2B4E32E50042E4F8 /* ViewController.swift in Sources */,
				F1CF537C2B58BE50009FC605 /* TextFieldCustom.swift in Sources */,
				BF801EE22B5A1E1F0046DF6E /* DataBase.swift in Sources */,
				66E73C722B58CCCD00D306C0 /* CheckMarkCustom.swift in Sources */,
				F8D16CB22B576CB3008359AA /* RegisterViewModel.swift in Sources */,
				F819F24B2B4E32E50042E4F8 /* AppDelegate.swift in Sources */,
				F819F2642B4E33480042E4F8 /* SplashCoordinator.swift in Sources */,
				BF801EDF2B5A1B710046DF6E /* User.swift in Sources */,
				F819F2762B4E37910042E4F8 /* HomeCoordinator.swift in Sources */,
				F8D16CB02B576CA1008359AA /* RegisterViewController.swift in Sources */,
				F819F2692B4E337E0042E4F8 /* LoginViewController.swift in Sources */,
				F819F26D2B4E33B50042E4F8 /* Utils.swift in Sources */,
				F819F24D2B4E32E50042E4F8 /* SceneDelegate.swift in Sources */,
				F819F2742B4E37820042E4F8 /* HomeViewModel.swift in Sources */,
				F8D16CB42B576CC7008359AA /* RegisterCoordinator.swift in Sources */,
				F819F26B2B4E33900042E4F8 /* LoginCoordinator.swift in Sources */,
				F819F2602B4E33230042E4F8 /* SplashViewController.swift in Sources */,
				F819F2672B4E336F0042E4F8 /* LoginViewModel.swift in Sources */,
				F819F2722B4E37710042E4F8 /* HomeViewController.swift in Sources */,
			);
			runOnlyForDeploymentPostprocessing = 0;
		};
/* End PBXSourcesBuildPhase section */

/* Begin PBXVariantGroup section */
		F819F2502B4E32E50042E4F8 /* Main.storyboard */ = {
			isa = PBXVariantGroup;
			children = (
				F819F2512B4E32E50042E4F8 /* Base */,
			);
			name = Main.storyboard;
			sourceTree = "<group>";
		};
		F819F2552B4E32E90042E4F8 /* LaunchScreen.storyboard */ = {
			isa = PBXVariantGroup;
			children = (
				F819F2562B4E32E90042E4F8 /* Base */,
			);
			name = LaunchScreen.storyboard;
			sourceTree = "<group>";
		};
/* End PBXVariantGroup section */

/* Begin XCBuildConfiguration section */
		F819F2592B4E32E90042E4F8 /* Debug */ = {
			isa = XCBuildConfiguration;
			buildSettings = {
				ALWAYS_SEARCH_USER_PATHS = NO;
				ASSETCATALOG_COMPILER_GENERATE_SWIFT_ASSET_SYMBOL_EXTENSIONS = YES;
				CLANG_ANALYZER_NONNULL = YES;
				CLANG_ANALYZER_NUMBER_OBJECT_CONVERSION = YES_AGGRESSIVE;
				CLANG_CXX_LANGUAGE_STANDARD = "gnu++20";
				CLANG_ENABLE_MODULES = YES;
				CLANG_ENABLE_OBJC_ARC = YES;
				CLANG_ENABLE_OBJC_WEAK = YES;
				CLANG_WARN_BLOCK_CAPTURE_AUTORELEASING = YES;
				CLANG_WARN_BOOL_CONVERSION = YES;
				CLANG_WARN_COMMA = YES;
				CLANG_WARN_CONSTANT_CONVERSION = YES;
				CLANG_WARN_DEPRECATED_OBJC_IMPLEMENTATIONS = YES;
				CLANG_WARN_DIRECT_OBJC_ISA_USAGE = YES_ERROR;
				CLANG_WARN_DOCUMENTATION_COMMENTS = YES;
				CLANG_WARN_EMPTY_BODY = YES;
				CLANG_WARN_ENUM_CONVERSION = YES;
				CLANG_WARN_INFINITE_RECURSION = YES;
				CLANG_WARN_INT_CONVERSION = YES;
				CLANG_WARN_NON_LITERAL_NULL_CONVERSION = YES;
				CLANG_WARN_OBJC_IMPLICIT_RETAIN_SELF = YES;
				CLANG_WARN_OBJC_LITERAL_CONVERSION = YES;
				CLANG_WARN_OBJC_ROOT_CLASS = YES_ERROR;
				CLANG_WARN_QUOTED_INCLUDE_IN_FRAMEWORK_HEADER = YES;
				CLANG_WARN_RANGE_LOOP_ANALYSIS = YES;
				CLANG_WARN_STRICT_PROTOTYPES = YES;
				CLANG_WARN_SUSPICIOUS_MOVE = YES;
				CLANG_WARN_UNGUARDED_AVAILABILITY = YES_AGGRESSIVE;
				CLANG_WARN_UNREACHABLE_CODE = YES;
				CLANG_WARN__DUPLICATE_METHOD_MATCH = YES;
				COPY_PHASE_STRIP = NO;
				DEBUG_INFORMATION_FORMAT = dwarf;
				ENABLE_STRICT_OBJC_MSGSEND = YES;
				ENABLE_TESTABILITY = YES;
				ENABLE_USER_SCRIPT_SANDBOXING = YES;
				GCC_C_LANGUAGE_STANDARD = gnu17;
				GCC_DYNAMIC_NO_PIC = NO;
				GCC_NO_COMMON_BLOCKS = YES;
				GCC_OPTIMIZATION_LEVEL = 0;
				GCC_PREPROCESSOR_DEFINITIONS = (
					"DEBUG=1",
					"$(inherited)",
				);
				GCC_WARN_64_TO_32_BIT_CONVERSION = YES;
				GCC_WARN_ABOUT_RETURN_TYPE = YES_ERROR;
				GCC_WARN_UNDECLARED_SELECTOR = YES;
				GCC_WARN_UNINITIALIZED_AUTOS = YES_AGGRESSIVE;
				GCC_WARN_UNUSED_FUNCTION = YES;
				GCC_WARN_UNUSED_VARIABLE = YES;
				IPHONEOS_DEPLOYMENT_TARGET = 17.2;
				LOCALIZATION_PREFERS_STRING_CATALOGS = YES;
				MTL_ENABLE_DEBUG_INFO = INCLUDE_SOURCE;
				MTL_FAST_MATH = YES;
				ONLY_ACTIVE_ARCH = YES;
				SDKROOT = iphoneos;
				SWIFT_ACTIVE_COMPILATION_CONDITIONS = "DEBUG $(inherited)";
				SWIFT_OPTIMIZATION_LEVEL = "-Onone";
			};
			name = Debug;
		};
		F819F25A2B4E32E90042E4F8 /* Release */ = {
			isa = XCBuildConfiguration;
			buildSettings = {
				ALWAYS_SEARCH_USER_PATHS = NO;
				ASSETCATALOG_COMPILER_GENERATE_SWIFT_ASSET_SYMBOL_EXTENSIONS = YES;
				CLANG_ANALYZER_NONNULL = YES;
				CLANG_ANALYZER_NUMBER_OBJECT_CONVERSION = YES_AGGRESSIVE;
				CLANG_CXX_LANGUAGE_STANDARD = "gnu++20";
				CLANG_ENABLE_MODULES = YES;
				CLANG_ENABLE_OBJC_ARC = YES;
				CLANG_ENABLE_OBJC_WEAK = YES;
				CLANG_WARN_BLOCK_CAPTURE_AUTORELEASING = YES;
				CLANG_WARN_BOOL_CONVERSION = YES;
				CLANG_WARN_COMMA = YES;
				CLANG_WARN_CONSTANT_CONVERSION = YES;
				CLANG_WARN_DEPRECATED_OBJC_IMPLEMENTATIONS = YES;
				CLANG_WARN_DIRECT_OBJC_ISA_USAGE = YES_ERROR;
				CLANG_WARN_DOCUMENTATION_COMMENTS = YES;
				CLANG_WARN_EMPTY_BODY = YES;
				CLANG_WARN_ENUM_CONVERSION = YES;
				CLANG_WARN_INFINITE_RECURSION = YES;
				CLANG_WARN_INT_CONVERSION = YES;
				CLANG_WARN_NON_LITERAL_NULL_CONVERSION = YES;
				CLANG_WARN_OBJC_IMPLICIT_RETAIN_SELF = YES;
				CLANG_WARN_OBJC_LITERAL_CONVERSION = YES;
				CLANG_WARN_OBJC_ROOT_CLASS = YES_ERROR;
				CLANG_WARN_QUOTED_INCLUDE_IN_FRAMEWORK_HEADER = YES;
				CLANG_WARN_RANGE_LOOP_ANALYSIS = YES;
				CLANG_WARN_STRICT_PROTOTYPES = YES;
				CLANG_WARN_SUSPICIOUS_MOVE = YES;
				CLANG_WARN_UNGUARDED_AVAILABILITY = YES_AGGRESSIVE;
				CLANG_WARN_UNREACHABLE_CODE = YES;
				CLANG_WARN__DUPLICATE_METHOD_MATCH = YES;
				COPY_PHASE_STRIP = NO;
				DEBUG_INFORMATION_FORMAT = "dwarf-with-dsym";
				ENABLE_NS_ASSERTIONS = NO;
				ENABLE_STRICT_OBJC_MSGSEND = YES;
				ENABLE_USER_SCRIPT_SANDBOXING = YES;
				GCC_C_LANGUAGE_STANDARD = gnu17;
				GCC_NO_COMMON_BLOCKS = YES;
				GCC_WARN_64_TO_32_BIT_CONVERSION = YES;
				GCC_WARN_ABOUT_RETURN_TYPE = YES_ERROR;
				GCC_WARN_UNDECLARED_SELECTOR = YES;
				GCC_WARN_UNINITIALIZED_AUTOS = YES_AGGRESSIVE;
				GCC_WARN_UNUSED_FUNCTION = YES;
				GCC_WARN_UNUSED_VARIABLE = YES;
				IPHONEOS_DEPLOYMENT_TARGET = 17.2;
				LOCALIZATION_PREFERS_STRING_CATALOGS = YES;
				MTL_ENABLE_DEBUG_INFO = NO;
				MTL_FAST_MATH = YES;
				SDKROOT = iphoneos;
				SWIFT_COMPILATION_MODE = wholemodule;
				VALIDATE_PRODUCT = YES;
			};
			name = Release;
		};
		F819F25C2B4E32E90042E4F8 /* Debug */ = {
			isa = XCBuildConfiguration;
			buildSettings = {
				ASSETCATALOG_COMPILER_APPICON_NAME = AppIcon;
				ASSETCATALOG_COMPILER_GLOBAL_ACCENT_COLOR_NAME = AccentColor;
				CODE_SIGN_STYLE = Automatic;
				CURRENT_PROJECT_VERSION = 1;
				DEVELOPMENT_TEAM = QSVNAXXAAU;
				GENERATE_INFOPLIST_FILE = YES;
				INFOPLIST_FILE = basesDeDatos1/Info.plist;
				INFOPLIST_KEY_UIApplicationSupportsIndirectInputEvents = YES;
				INFOPLIST_KEY_UILaunchStoryboardName = LaunchScreen;
				INFOPLIST_KEY_UIMainStoryboardFile = Main;
				INFOPLIST_KEY_UISupportedInterfaceOrientations_iPad = "UIInterfaceOrientationPortrait UIInterfaceOrientationPortraitUpsideDown UIInterfaceOrientationLandscapeLeft UIInterfaceOrientationLandscapeRight";
				INFOPLIST_KEY_UISupportedInterfaceOrientations_iPhone = "UIInterfaceOrientationPortrait UIInterfaceOrientationLandscapeLeft UIInterfaceOrientationLandscapeRight";
				IPHONEOS_DEPLOYMENT_TARGET = 15.0;
				LD_RUNPATH_SEARCH_PATHS = (
					"$(inherited)",
					"@executable_path/Frameworks",
				);
				MARKETING_VERSION = 1.0;
				PRODUCT_BUNDLE_IDENTIFIER = Hugo.com.basesDeDatos1;
				PRODUCT_NAME = "$(TARGET_NAME)";
				SWIFT_EMIT_LOC_STRINGS = YES;
				SWIFT_VERSION = 5.0;
				TARGETED_DEVICE_FAMILY = "1,2";
			};
			name = Debug;
		};
		F819F25D2B4E32E90042E4F8 /* Release */ = {
			isa = XCBuildConfiguration;
			buildSettings = {
				ASSETCATALOG_COMPILER_APPICON_NAME = AppIcon;
				ASSETCATALOG_COMPILER_GLOBAL_ACCENT_COLOR_NAME = AccentColor;
				CODE_SIGN_STYLE = Automatic;
				CURRENT_PROJECT_VERSION = 1;
				DEVELOPMENT_TEAM = QSVNAXXAAU;
				GENERATE_INFOPLIST_FILE = YES;
				INFOPLIST_FILE = basesDeDatos1/Info.plist;
				INFOPLIST_KEY_UIApplicationSupportsIndirectInputEvents = YES;
				INFOPLIST_KEY_UILaunchStoryboardName = LaunchScreen;
				INFOPLIST_KEY_UIMainStoryboardFile = Main;
				INFOPLIST_KEY_UISupportedInterfaceOrientations_iPad = "UIInterfaceOrientationPortrait UIInterfaceOrientationPortraitUpsideDown UIInterfaceOrientationLandscapeLeft UIInterfaceOrientationLandscapeRight";
				INFOPLIST_KEY_UISupportedInterfaceOrientations_iPhone = "UIInterfaceOrientationPortrait UIInterfaceOrientationLandscapeLeft UIInterfaceOrientationLandscapeRight";
				IPHONEOS_DEPLOYMENT_TARGET = 15.0;
				LD_RUNPATH_SEARCH_PATHS = (
					"$(inherited)",
					"@executable_path/Frameworks",
				);
				MARKETING_VERSION = 1.0;
				PRODUCT_BUNDLE_IDENTIFIER = Hugo.com.basesDeDatos1;
				PRODUCT_NAME = "$(TARGET_NAME)";
				SWIFT_EMIT_LOC_STRINGS = YES;
				SWIFT_VERSION = 5.0;
				TARGETED_DEVICE_FAMILY = "1,2";
			};
			name = Release;
		};
/* End XCBuildConfiguration section */

/* Begin XCConfigurationList section */
		F819F2422B4E32E50042E4F8 /* Build configuration list for PBXProject "basesDeDatos1" */ = {
			isa = XCConfigurationList;
			buildConfigurations = (
				F819F2592B4E32E90042E4F8 /* Debug */,
				F819F25A2B4E32E90042E4F8 /* Release */,
			);
			defaultConfigurationIsVisible = 0;
			defaultConfigurationName = Release;
		};
		F819F25B2B4E32E90042E4F8 /* Build configuration list for PBXNativeTarget "basesDeDatos1" */ = {
			isa = XCConfigurationList;
			buildConfigurations = (
				F819F25C2B4E32E90042E4F8 /* Debug */,
				F819F25D2B4E32E90042E4F8 /* Release */,
			);
			defaultConfigurationIsVisible = 0;
			defaultConfigurationName = Release;
		};
/* End XCConfigurationList section */
	};
	rootObject = F819F23F2B4E32E50042E4F8 /* Project object */;
}
